
Microsoft Visual Studio Solution File, Format Version 12.00
# Visual Studio Version 16
VisualStudioVersion = 16.0.30503.244
MinimumVisualStudioVersion = 10.0.40219.1
Project("{FAE04EC0-301F-11D3-BF4B-00C04F79EFBC}") = "AutoAnnotation", "AutoAnnotation\AutoAnnotation.csproj", "{F2068C14-3606-487F-B745-D66618EA542C}"
EndProject
Global
	GlobalSection(SolutionConfigurationPlatforms) = preSolution
		Debug|Any CPU = Debug|Any CPU
		Release|Any CPU = Release|Any CPU
	EndGlobalSection
	GlobalSection(ProjectConfigurationPlatforms) = postSolution
		{F2068C14-3606-487F-B745-D66618EA542C}.Debug|Any CPU.ActiveCfg = Debug|Any CPU
		{F2068C14-3606-487F-B745-D66618EA542C}.Debug|Any CPU.Build.0 = Debug|Any CPU
		{F2068C14-3606-487F-B745-D66618EA542C}.Release|Any CPU.ActiveCfg = Release|Any CPU
		{F2068C14-3606-487F-B745-D66618EA542C}.Release|Any CPU.Build.0 = Release|Any CPU
	EndGlobalSection
	GlobalSection(SolutionProperties) = preSolution
		HideSolutionNode = FALSE
	EndGlobalSection
	GlobalSection(ExtensibilityGlobals) = postSolution
		SolutionGuid = {57D8D119-A83C-4D60-ABD7-47186283ABF8}
	EndGlobalSection
EndGlobal
